{
  "name": "galxe",
  "version": "1.0.0",
  "lockfileVersion": 2,
  "requires": true,
  "packages": {
    "": {
      "name": "galxe",
      "version": "1.0.0",
      "license": "ISC",
      "dependencies": {
        "country-list-json": "^1.1.0"
      },
      "devDependencies": {
        "prettier-plugin-tailwindcss": "^0.1.13"
      }
    },
    "node_modules/country-list-json": {
      "version": "1.1.0",
      "resolved": "https://registry.npmjs.org/country-list-json/-/country-list-json-1.1.0.tgz",
      "integrity": "sha512-9a6sGBVXq3rXmZlddQQIjk0ZAk/pfBwVMUU1zJczWtIG4VcfUKp8HDSMteK1bBZVznE7+wWVg6kntxtzDBjvPQ=="
    },
    "node_modules/prettier": {
      "version": "2.8.7",
      "resolved": "https://registry.npmjs.org/prettier/-/prettier-2.8.7.tgz",
      "integrity": "sha512-yPngTo3aXUUmyuTjeTUT75txrf+aMh9FiD7q9ZE/i6r0bPb22g4FsE6Y338PQX1bmfy08i9QQCB7/rcUAVntfw==",
      "dev": true,
      "peer": true,
      "bin": {
        "prettier": "bin-prettier.js"
      },
      "engines": {
        "node": ">=10.13.0"
      },
      "funding": {
        "url": "https://github.com/prettier/prettier?sponsor=1"
      }
    },
    "node_modules/prettier-plugin-tailwindcss": {
      "version": "0.1.13",
      "resolved": "https://registry.npmjs.org/prettier-plugin-tailwindcss/-/prettier-plugin-tailwindcss-0.1.13.tgz",
      "integrity": "sha512-/EKQURUrxLu66CMUg4+1LwGdxnz8of7IDvrSLqEtDqhLH61SAlNNUSr90UTvZaemujgl3OH/VHg+fyGltrNixw==",
      "dev": true,
      "engines": {
        "node": ">=12.17.0"
      },
      "peerDependencies": {
        "prettier": ">=2.2.0"
      }
    }
  },
  "dependencies": {
    "country-list-json": {
      "version": "1.1.0",
      "resolved": "https://registry.npmjs.org/country-list-json/-/country-list-json-1.1.0.tgz",
      "integrity": "sha512-9a6sGBVXq3rXmZlddQQIjk0ZAk/pfBwVMUU1zJczWtIG4VcfUKp8HDSMteK1bBZVznE7+wWVg6kntxtzDBjvPQ=="
    },
    "prettier": {
      "version": "2.8.7",
      "resolved": "https://registry.npmjs.org/prettier/-/prettier-2.8.7.tgz",
      "integrity": "sha512-yPngTo3aXUUmyuTjeTUT75txrf+aMh9FiD7q9ZE/i6r0bPb22g4FsE6Y338PQX1bmfy08i9QQCB7/rcUAVntfw==",
      "dev": true,
      "peer": true
    },
    "prettier-plugin-tailwindcss": {
      "version": "0.1.13",
      "resolved": "https://registry.npmjs.org/prettier-plugin-tailwindcss/-/prettier-plugin-tailwindcss-0.1.13.tgz",
      "integrity": "sha512-/EKQURUrxLu66CMUg4+1LwGdxnz8of7IDvrSLqEtDqhLH61SAlNNUSr90UTvZaemujgl3OH/VHg+fyGltrNixw==",
      "dev": true,
      "requires": {}
    }
  }
}
